// !$*UTF8*$!
{
	archiveVersion = 1;
	classes = {
	};
	objectVersion = 46;
	objects = {

/* Begin PBXBuildFile section */
		41E6EC2C14FF3A3749EF028F /* Pods_PBooth.framework in Frameworks */ = {isa = PBXBuildFile; fileRef = C3514ECAB7EA40F32FE446C1 /* Pods_PBooth.framework */; };
		7E0EE7E61D625AAF003FC151 /* SessionProfile.swift in Sources */ = {isa = PBXBuildFile; fileRef = 7E0EE7E51D625AAF003FC151 /* SessionProfile.swift */; };
		7E0EE7EC1D625BB4003FC151 /* MyProfiles.swift in Sources */ = {isa = PBXBuildFile; fileRef = 7E0EE7EB1D625BB4003FC151 /* MyProfiles.swift */; };
		7E357D3E1DF5DB01000113A6 /* Security.framework in Frameworks */ = {isa = PBXBuildFile; fileRef = 7E357D3D1DF5DB01000113A6 /* Security.framework */; };
		7E357D401DF5DBAB000113A6 /* DropboxOSX.framework in Frameworks */ = {isa = PBXBuildFile; fileRef = 7E357D3F1DF5DBAB000113A6 /* DropboxOSX.framework */; };
		7E357D421DF5DBCD000113A6 /* DropboxOSX.framework in CopyFiles */ = {isa = PBXBuildFile; fileRef = 7E357D3F1DF5DBAB000113A6 /* DropboxOSX.framework */; settings = {ATTRIBUTES = (CodeSignOnCopy, RemoveHeadersOnCopy, ); }; };
		7E357D431DF5DC0C000113A6 /* DropboxOSX.framework in Frameworks */ = {isa = PBXBuildFile; fileRef = 7E357D3F1DF5DBAB000113A6 /* DropboxOSX.framework */; };
		7E357D441DF5DC0C000113A6 /* DropboxOSX.framework in CopyFiles */ = {isa = PBXBuildFile; fileRef = 7E357D3F1DF5DBAB000113A6 /* DropboxOSX.framework */; settings = {ATTRIBUTES = (CodeSignOnCopy, RemoveHeadersOnCopy, ); }; };
		7E42B1551D63F79700709933 /* MyCameras.swift in Sources */ = {isa = PBXBuildFile; fileRef = 7E42B1531D63F79700709933 /* MyCameras.swift */; };
		7E4C2DF01D5A7BDA002CE808 /* ReplaceSegue.swift in Sources */ = {isa = PBXBuildFile; fileRef = 7E4C2DEF1D5A7BDA002CE808 /* ReplaceSegue.swift */; };
		7E4C2DF21D5A7D61002CE808 /* TabView.swift in Sources */ = {isa = PBXBuildFile; fileRef = 7E4C2DF11D5A7D61002CE808 /* TabView.swift */; };
		7E4C2DF41D5AC36A002CE808 /* Downloader.swift in Sources */ = {isa = PBXBuildFile; fileRef = 7E4C2DF31D5AC36A002CE808 /* Downloader.swift */; };
		7E4C2DF91D5E878D002CE808 /* GIFMaker.swift in Sources */ = {isa = PBXBuildFile; fileRef = 7E4C2DF81D5E878D002CE808 /* GIFMaker.swift */; };
		7ECA32A91D54DEC800449835 /* AppDelegate.swift in Sources */ = {isa = PBXBuildFile; fileRef = 7ECA32A81D54DEC800449835 /* AppDelegate.swift */; };
		7ECA32AB1D54DEC800449835 /* ViewController.swift in Sources */ = {isa = PBXBuildFile; fileRef = 7ECA32AA1D54DEC800449835 /* ViewController.swift */; };
		7ECA32AD1D54DEC800449835 /* Document.swift in Sources */ = {isa = PBXBuildFile; fileRef = 7ECA32AC1D54DEC800449835 /* Document.swift */; };
		7ECA32AF1D54DEC800449835 /* Assets.xcassets in Resources */ = {isa = PBXBuildFile; fileRef = 7ECA32AE1D54DEC800449835 /* Assets.xcassets */; };
		7ECA32B21D54DEC800449835 /* Main.storyboard in Resources */ = {isa = PBXBuildFile; fileRef = 7ECA32B01D54DEC800449835 /* Main.storyboard */; };
		7ECA32BD1D54DEC800449835 /* PBoothTests.swift in Sources */ = {isa = PBXBuildFile; fileRef = 7ECA32BC1D54DEC800449835 /* PBoothTests.swift */; };
		7ECA32C81D54DEC800449835 /* PBoothUITests.swift in Sources */ = {isa = PBXBuildFile; fileRef = 7ECA32C71D54DEC800449835 /* PBoothUITests.swift */; };
		7ECA32D61D54DEEB00449835 /* EOSFramework.framework in Frameworks */ = {isa = PBXBuildFile; fileRef = 7ECA32D51D54DEEB00449835 /* EOSFramework.framework */; };
		7ECA32D91D54DF5C00449835 /* EDSDK.framework in Frameworks */ = {isa = PBXBuildFile; fileRef = 7ECA32D81D54DF5C00449835 /* EDSDK.framework */; };
		7ECA32DB1D54DF9100449835 /* EOSFramework.framework in CopyFiles */ = {isa = PBXBuildFile; fileRef = 7ECA32D51D54DEEB00449835 /* EOSFramework.framework */; settings = {ATTRIBUTES = (CodeSignOnCopy, RemoveHeadersOnCopy, ); }; };
		7ECA32DC1D54DF9100449835 /* EDSDK.framework in CopyFiles */ = {isa = PBXBuildFile; fileRef = 7ECA32D81D54DF5C00449835 /* EDSDK.framework */; settings = {ATTRIBUTES = (CodeSignOnCopy, RemoveHeadersOnCopy, ); }; };
		7ECA32E01D5802A900449835 /* MySession.swift in Sources */ = {isa = PBXBuildFile; fileRef = 7ECA32DF1D5802A900449835 /* MySession.swift */; };
		7ECA32EE1D5A72E200449835 /* CameraFunctionality.swift in Sources */ = {isa = PBXBuildFile; fileRef = 7ECA32ED1D5A72E200449835 /* CameraFunctionality.swift */; };
		CD45BA4EE7484391B5F1810D /* Pods_PBoothUITests.framework in Frameworks */ = {isa = PBXBuildFile; fileRef = 5EE50FBCB84C84B218FB68E2 /* Pods_PBoothUITests.framework */; };
		F96B25A94F032D0026751A5D /* Pods_PBoothTests.framework in Frameworks */ = {isa = PBXBuildFile; fileRef = 32457011ECA7BB2BC65444AB /* Pods_PBoothTests.framework */; };
/* End PBXBuildFile section */

/* Begin PBXContainerItemProxy section */
		7ECA32B91D54DEC800449835 /* PBXContainerItemProxy */ = {
			isa = PBXContainerItemProxy;
			containerPortal = 7ECA329D1D54DEC800449835 /* Project object */;
			proxyType = 1;
			remoteGlobalIDString = 7ECA32A41D54DEC800449835;
			remoteInfo = PBooth;
		};
		7ECA32C41D54DEC800449835 /* PBXContainerItemProxy */ = {
			isa = PBXContainerItemProxy;
			containerPortal = 7ECA329D1D54DEC800449835 /* Project object */;
			proxyType = 1;
			remoteGlobalIDString = 7ECA32A41D54DEC800449835;
			remoteInfo = PBooth;
		};
/* End PBXContainerItemProxy section */

/* Begin PBXCopyFilesBuildPhase section */
		7E357D411DF5DBC5000113A6 /* CopyFiles */ = {
			isa = PBXCopyFilesBuildPhase;
			buildActionMask = 2147483647;
			dstPath = "";
			dstSubfolderSpec = 7;
			files = (
				7E357D421DF5DBCD000113A6 /* DropboxOSX.framework in CopyFiles */,
			);
			runOnlyForDeploymentPostprocessing = 0;
		};
		7ECA32DA1D54DF8000449835 /* CopyFiles */ = {
			isa = PBXCopyFilesBuildPhase;
			buildActionMask = 2147483647;
			dstPath = "";
			dstSubfolderSpec = 10;
			files = (
				7ECA32DB1D54DF9100449835 /* EOSFramework.framework in CopyFiles */,
				7ECA32DC1D54DF9100449835 /* EDSDK.framework in CopyFiles */,
				7E357D441DF5DC0C000113A6 /* DropboxOSX.framework in CopyFiles */,
			);
			runOnlyForDeploymentPostprocessing = 0;
		};
/* End PBXCopyFilesBuildPhase section */

/* Begin PBXFileReference section */
		0DBBC2180C815FF0E1306A88 /* Pods-PBooth.release.xcconfig */ = {isa = PBXFileReference; includeInIndex = 1; lastKnownFileType = text.xcconfig; name = "Pods-PBooth.release.xcconfig"; path = "Pods/Target Support Files/Pods-PBooth/Pods-PBooth.release.xcconfig"; sourceTree = "<group>"; };
		32457011ECA7BB2BC65444AB /* Pods_PBoothTests.framework */ = {isa = PBXFileReference; explicitFileType = wrapper.framework; includeInIndex = 0; path = Pods_PBoothTests.framework; sourceTree = BUILT_PRODUCTS_DIR; };
		5EE50FBCB84C84B218FB68E2 /* Pods_PBoothUITests.framework */ = {isa = PBXFileReference; explicitFileType = wrapper.framework; includeInIndex = 0; path = Pods_PBoothUITests.framework; sourceTree = BUILT_PRODUCTS_DIR; };
		7E0EE7E51D625AAF003FC151 /* SessionProfile.swift */ = {isa = PBXFileReference; fileEncoding = 4; lastKnownFileType = sourcecode.swift; path = SessionProfile.swift; sourceTree = "<group>"; };
		7E0EE7EB1D625BB4003FC151 /* MyProfiles.swift */ = {isa = PBXFileReference; fileEncoding = 4; lastKnownFileType = sourcecode.swift; name = MyProfiles.swift; path = ../MyProfiles.swift; sourceTree = "<group>"; };
		7E357D3D1DF5DB01000113A6 /* Security.framework */ = {isa = PBXFileReference; lastKnownFileType = wrapper.framework; name = Security.framework; path = System/Library/Frameworks/Security.framework; sourceTree = SDKROOT; };
		7E357D3F1DF5DBAB000113A6 /* DropboxOSX.framework */ = {isa = PBXFileReference; lastKnownFileType = wrapper.framework; path = DropboxOSX.framework; sourceTree = "<group>"; };
		7E42B1531D63F79700709933 /* MyCameras.swift */ = {isa = PBXFileReference; fileEncoding = 4; lastKnownFileType = sourcecode.swift; path = MyCameras.swift; sourceTree = "<group>"; };
		7E4C2DEF1D5A7BDA002CE808 /* ReplaceSegue.swift */ = {isa = PBXFileReference; fileEncoding = 4; lastKnownFileType = sourcecode.swift; path = ReplaceSegue.swift; sourceTree = "<group>"; };
		7E4C2DF11D5A7D61002CE808 /* TabView.swift */ = {isa = PBXFileReference; fileEncoding = 4; lastKnownFileType = sourcecode.swift; path = TabView.swift; sourceTree = "<group>"; };
		7E4C2DF31D5AC36A002CE808 /* Downloader.swift */ = {isa = PBXFileReference; fileEncoding = 4; lastKnownFileType = sourcecode.swift; path = Downloader.swift; sourceTree = "<group>"; };
		7E4C2DF81D5E878D002CE808 /* GIFMaker.swift */ = {isa = PBXFileReference; fileEncoding = 4; lastKnownFileType = sourcecode.swift; path = GIFMaker.swift; sourceTree = "<group>"; };
		7ECA32A51D54DEC800449835 /* PBooth.app */ = {isa = PBXFileReference; explicitFileType = wrapper.application; includeInIndex = 0; path = PBooth.app; sourceTree = BUILT_PRODUCTS_DIR; };
		7ECA32A81D54DEC800449835 /* AppDelegate.swift */ = {isa = PBXFileReference; lastKnownFileType = sourcecode.swift; path = AppDelegate.swift; sourceTree = "<group>"; };
		7ECA32AA1D54DEC800449835 /* ViewController.swift */ = {isa = PBXFileReference; lastKnownFileType = sourcecode.swift; path = ViewController.swift; sourceTree = "<group>"; };
		7ECA32AC1D54DEC800449835 /* Document.swift */ = {isa = PBXFileReference; lastKnownFileType = sourcecode.swift; path = Document.swift; sourceTree = "<group>"; };
		7ECA32AE1D54DEC800449835 /* Assets.xcassets */ = {isa = PBXFileReference; lastKnownFileType = folder.assetcatalog; path = Assets.xcassets; sourceTree = "<group>"; };
		7ECA32B11D54DEC800449835 /* Base */ = {isa = PBXFileReference; lastKnownFileType = file.storyboard; name = Base; path = Base.lproj/Main.storyboard; sourceTree = "<group>"; };
		7ECA32B31D54DEC800449835 /* Info.plist */ = {isa = PBXFileReference; lastKnownFileType = text.plist.xml; path = Info.plist; sourceTree = "<group>"; };
		7ECA32B81D54DEC800449835 /* PBoothTests.xctest */ = {isa = PBXFileReference; explicitFileType = wrapper.cfbundle; includeInIndex = 0; path = PBoothTests.xctest; sourceTree = BUILT_PRODUCTS_DIR; };
		7ECA32BC1D54DEC800449835 /* PBoothTests.swift */ = {isa = PBXFileReference; lastKnownFileType = sourcecode.swift; path = PBoothTests.swift; sourceTree = "<group>"; };
		7ECA32BE1D54DEC800449835 /* Info.plist */ = {isa = PBXFileReference; lastKnownFileType = text.plist.xml; path = Info.plist; sourceTree = "<group>"; };
		7ECA32C31D54DEC800449835 /* PBoothUITests.xctest */ = {isa = PBXFileReference; explicitFileType = wrapper.cfbundle; includeInIndex = 0; path = PBoothUITests.xctest; sourceTree = BUILT_PRODUCTS_DIR; };
		7ECA32C71D54DEC800449835 /* PBoothUITests.swift */ = {isa = PBXFileReference; lastKnownFileType = sourcecode.swift; path = PBoothUITests.swift; sourceTree = "<group>"; };
		7ECA32C91D54DEC800449835 /* Info.plist */ = {isa = PBXFileReference; lastKnownFileType = text.plist.xml; path = Info.plist; sourceTree = "<group>"; };
		7ECA32D51D54DEEB00449835 /* EOSFramework.framework */ = {isa = PBXFileReference; lastKnownFileType = wrapper.framework; path = EOSFramework.framework; sourceTree = "<group>"; };
		7ECA32D71D54DF1300449835 /* PBooth-Bridging-Header.h */ = {isa = PBXFileReference; lastKnownFileType = sourcecode.c.h; path = "PBooth-Bridging-Header.h"; sourceTree = SOURCE_ROOT; };
		7ECA32D81D54DF5C00449835 /* EDSDK.framework */ = {isa = PBXFileReference; lastKnownFileType = wrapper.framework; path = EDSDK.framework; sourceTree = "<group>"; };
		7ECA32DF1D5802A900449835 /* MySession.swift */ = {isa = PBXFileReference; fileEncoding = 4; lastKnownFileType = sourcecode.swift; name = MySession.swift; path = ../MySession.swift; sourceTree = "<group>"; };
		7ECA32ED1D5A72E200449835 /* CameraFunctionality.swift */ = {isa = PBXFileReference; fileEncoding = 4; lastKnownFileType = sourcecode.swift; path = CameraFunctionality.swift; sourceTree = "<group>"; };
		88A4E6FD2847F3FDC5FEC029 /* Pods-PBooth.debug.xcconfig */ = {isa = PBXFileReference; includeInIndex = 1; lastKnownFileType = text.xcconfig; name = "Pods-PBooth.debug.xcconfig"; path = "Pods/Target Support Files/Pods-PBooth/Pods-PBooth.debug.xcconfig"; sourceTree = "<group>"; };
		917CC3BC89E0471A227DAF91 /* Pods-PBoothTests.debug.xcconfig */ = {isa = PBXFileReference; includeInIndex = 1; lastKnownFileType = text.xcconfig; name = "Pods-PBoothTests.debug.xcconfig"; path = "Pods/Target Support Files/Pods-PBoothTests/Pods-PBoothTests.debug.xcconfig"; sourceTree = "<group>"; };
		C3514ECAB7EA40F32FE446C1 /* Pods_PBooth.framework */ = {isa = PBXFileReference; explicitFileType = wrapper.framework; includeInIndex = 0; path = Pods_PBooth.framework; sourceTree = BUILT_PRODUCTS_DIR; };
		CE457D64088193D0A0CD16BD /* Pods-PBoothUITests.debug.xcconfig */ = {isa = PBXFileReference; includeInIndex = 1; lastKnownFileType = text.xcconfig; name = "Pods-PBoothUITests.debug.xcconfig"; path = "Pods/Target Support Files/Pods-PBoothUITests/Pods-PBoothUITests.debug.xcconfig"; sourceTree = "<group>"; };
		D82E7481D907CD5E67BA3ECC /* Pods-PBoothTests.release.xcconfig */ = {isa = PBXFileReference; includeInIndex = 1; lastKnownFileType = text.xcconfig; name = "Pods-PBoothTests.release.xcconfig"; path = "Pods/Target Support Files/Pods-PBoothTests/Pods-PBoothTests.release.xcconfig"; sourceTree = "<group>"; };
		DC193237642FA79908BE1E44 /* Pods-PBoothUITests.release.xcconfig */ = {isa = PBXFileReference; includeInIndex = 1; lastKnownFileType = text.xcconfig; name = "Pods-PBoothUITests.release.xcconfig"; path = "Pods/Target Support Files/Pods-PBoothUITests/Pods-PBoothUITests.release.xcconfig"; sourceTree = "<group>"; };
/* End PBXFileReference section */

/* Begin PBXFrameworksBuildPhase section */
		7ECA32A21D54DEC800449835 /* Frameworks */ = {
			isa = PBXFrameworksBuildPhase;
			buildActionMask = 2147483647;
			files = (
				7E357D431DF5DC0C000113A6 /* DropboxOSX.framework in Frameworks */,
				7E357D401DF5DBAB000113A6 /* DropboxOSX.framework in Frameworks */,
				7E357D3E1DF5DB01000113A6 /* Security.framework in Frameworks */,
				7ECA32D91D54DF5C00449835 /* EDSDK.framework in Frameworks */,
				7ECA32D61D54DEEB00449835 /* EOSFramework.framework in Frameworks */,
				41E6EC2C14FF3A3749EF028F /* Pods_PBooth.framework in Frameworks */,
			);
			runOnlyForDeploymentPostprocessing = 0;
		};
		7ECA32B51D54DEC800449835 /* Frameworks */ = {
			isa = PBXFrameworksBuildPhase;
			buildActionMask = 2147483647;
			files = (
				F96B25A94F032D0026751A5D /* Pods_PBoothTests.framework in Frameworks */,
			);
			runOnlyForDeploymentPostprocessing = 0;
		};
		7ECA32C01D54DEC800449835 /* Frameworks */ = {
			isa = PBXFrameworksBuildPhase;
			buildActionMask = 2147483647;
			files = (
				CD45BA4EE7484391B5F1810D /* Pods_PBoothUITests.framework in Frameworks */,
			);
			runOnlyForDeploymentPostprocessing = 0;
		};
/* End PBXFrameworksBuildPhase section */

/* Begin PBXGroup section */
		7A2FDB9A6270884CF507137D /* Pods */ = {
			isa = PBXGroup;
			children = (
				88A4E6FD2847F3FDC5FEC029 /* Pods-PBooth.debug.xcconfig */,
				0DBBC2180C815FF0E1306A88 /* Pods-PBooth.release.xcconfig */,
				917CC3BC89E0471A227DAF91 /* Pods-PBoothTests.debug.xcconfig */,
				D82E7481D907CD5E67BA3ECC /* Pods-PBoothTests.release.xcconfig */,
				CE457D64088193D0A0CD16BD /* Pods-PBoothUITests.debug.xcconfig */,
				DC193237642FA79908BE1E44 /* Pods-PBoothUITests.release.xcconfig */,
			);
			name = Pods;
			sourceTree = "<group>";
		};
		7E357D3C1DF5DB01000113A6 /* Frameworks */ = {
			isa = PBXGroup;
			children = (
				7E357D3D1DF5DB01000113A6 /* Security.framework */,
				C3514ECAB7EA40F32FE446C1 /* Pods_PBooth.framework */,
				32457011ECA7BB2BC65444AB /* Pods_PBoothTests.framework */,
				5EE50FBCB84C84B218FB68E2 /* Pods_PBoothUITests.framework */,
			);
			name = Frameworks;
			sourceTree = "<group>";
		};
		7E4C2DF51D5B78D0002CE808 /* Assisting Classes */ = {
			isa = PBXGroup;
			children = (
				7E4C2DF81D5E878D002CE808 /* GIFMaker.swift */,
				7ECA32ED1D5A72E200449835 /* CameraFunctionality.swift */,
				7E4C2DEF1D5A7BDA002CE808 /* ReplaceSegue.swift */,
			);
			name = "Assisting Classes";
			sourceTree = "<group>";
		};
		7ECA329C1D54DEC800449835 = {
			isa = PBXGroup;
			children = (
				7ECA32A71D54DEC800449835 /* PBooth */,
				7ECA32BB1D54DEC800449835 /* PBoothTests */,
				7ECA32C61D54DEC800449835 /* PBoothUITests */,
				7ECA32A61D54DEC800449835 /* Products */,
				7E357D3C1DF5DB01000113A6 /* Frameworks */,
				7A2FDB9A6270884CF507137D /* Pods */,
			);
			sourceTree = "<group>";
		};
		7ECA32A61D54DEC800449835 /* Products */ = {
			isa = PBXGroup;
			children = (
				7ECA32A51D54DEC800449835 /* PBooth.app */,
				7ECA32B81D54DEC800449835 /* PBoothTests.xctest */,
				7ECA32C31D54DEC800449835 /* PBoothUITests.xctest */,
			);
			name = Products;
			sourceTree = "<group>";
		};
		7ECA32A71D54DEC800449835 /* PBooth */ = {
			isa = PBXGroup;
			children = (
				7ECA32A81D54DEC800449835 /* AppDelegate.swift */,
				7E0EE7E51D625AAF003FC151 /* SessionProfile.swift */,
				7ECA32AC1D54DEC800449835 /* Document.swift */,
				7ECA32EF1D5A72FB00449835 /* View Controllers */,
				7E4C2DF51D5B78D0002CE808 /* Assisting Classes */,
				7ECA32B31D54DEC800449835 /* Info.plist */,
				7ECA32AE1D54DEC800449835 /* Assets.xcassets */,
				7ECA32B01D54DEC800449835 /* Main.storyboard */,
				7ECA32D71D54DF1300449835 /* PBooth-Bridging-Header.h */,
				7E357D3F1DF5DBAB000113A6 /* DropboxOSX.framework */,
				7ECA32D51D54DEEB00449835 /* EOSFramework.framework */,
				7ECA32D81D54DF5C00449835 /* EDSDK.framework */,
			);
			path = PBooth;
			sourceTree = "<group>";
		};
		7ECA32BB1D54DEC800449835 /* PBoothTests */ = {
			isa = PBXGroup;
			children = (
				7ECA32BC1D54DEC800449835 /* PBoothTests.swift */,
				7ECA32BE1D54DEC800449835 /* Info.plist */,
			);
			path = PBoothTests;
			sourceTree = "<group>";
		};
		7ECA32C61D54DEC800449835 /* PBoothUITests */ = {
			isa = PBXGroup;
			children = (
				7ECA32C71D54DEC800449835 /* PBoothUITests.swift */,
				7ECA32C91D54DEC800449835 /* Info.plist */,
			);
			path = PBoothUITests;
			sourceTree = "<group>";
		};
		7ECA32EF1D5A72FB00449835 /* View Controllers */ = {
			isa = PBXGroup;
			children = (
				7ECA32AA1D54DEC800449835 /* ViewController.swift */,
				7E4C2DF31D5AC36A002CE808 /* Downloader.swift */,
				7E4C2DF11D5A7D61002CE808 /* TabView.swift */,
				7ECA32DF1D5802A900449835 /* MySession.swift */,
				7E0EE7EB1D625BB4003FC151 /* MyProfiles.swift */,
				7E42B1531D63F79700709933 /* MyCameras.swift */,
			);
			name = "View Controllers";
			sourceTree = "<group>";
		};
/* End PBXGroup section */

/* Begin PBXNativeTarget section */
		7ECA32A41D54DEC800449835 /* PBooth */ = {
			isa = PBXNativeTarget;
			buildConfigurationList = 7ECA32CC1D54DEC800449835 /* Build configuration list for PBXNativeTarget "PBooth" */;
			buildPhases = (
				903AC56DC6F57163E5BC95E8 /* [CP] Check Pods Manifest.lock */,
				7ECA32A11D54DEC800449835 /* Sources */,
				7ECA32A21D54DEC800449835 /* Frameworks */,
				7ECA32A31D54DEC800449835 /* Resources */,
				7ECA32DA1D54DF8000449835 /* CopyFiles */,
				7E357D411DF5DBC5000113A6 /* CopyFiles */,
				DBEBCC60224CC2031AE288AA /* [CP] Embed Pods Frameworks */,
				1F6AE1E59BF044EB7CF6BDEC /* [CP] Copy Pods Resources */,
			);
			buildRules = (
			);
			dependencies = (
			);
			name = PBooth;
			productName = PBooth;
			productReference = 7ECA32A51D54DEC800449835 /* PBooth.app */;
			productType = "com.apple.product-type.application";
		};
		7ECA32B71D54DEC800449835 /* PBoothTests */ = {
			isa = PBXNativeTarget;
			buildConfigurationList = 7ECA32CF1D54DEC800449835 /* Build configuration list for PBXNativeTarget "PBoothTests" */;
			buildPhases = (
				E800F644FCB98B906A0C49CC /* [CP] Check Pods Manifest.lock */,
				7ECA32B41D54DEC800449835 /* Sources */,
				7ECA32B51D54DEC800449835 /* Frameworks */,
				7ECA32B61D54DEC800449835 /* Resources */,
				B40D99A0D9B08CEC618F12CF /* [CP] Embed Pods Frameworks */,
				164D9BC3AD04664FB963C483 /* [CP] Copy Pods Resources */,
			);
			buildRules = (
			);
			dependencies = (
				7ECA32BA1D54DEC800449835 /* PBXTargetDependency */,
			);
			name = PBoothTests;
			productName = PBoothTests;
			productReference = 7ECA32B81D54DEC800449835 /* PBoothTests.xctest */;
			productType = "com.apple.product-type.bundle.unit-test";
		};
		7ECA32C21D54DEC800449835 /* PBoothUITests */ = {
			isa = PBXNativeTarget;
			buildConfigurationList = 7ECA32D21D54DEC800449835 /* Build configuration list for PBXNativeTarget "PBoothUITests" */;
			buildPhases = (
				589E0720A6CE807A8344298B /* [CP] Check Pods Manifest.lock */,
				7ECA32BF1D54DEC800449835 /* Sources */,
				7ECA32C01D54DEC800449835 /* Frameworks */,
				7ECA32C11D54DEC800449835 /* Resources */,
				17960E589BD5DC3D5E9259E7 /* [CP] Embed Pods Frameworks */,
				D6D23AC0FA53FC068709EBB6 /* [CP] Copy Pods Resources */,
			);
			buildRules = (
			);
			dependencies = (
				7ECA32C51D54DEC800449835 /* PBXTargetDependency */,
			);
			name = PBoothUITests;
			productName = PBoothUITests;
			productReference = 7ECA32C31D54DEC800449835 /* PBoothUITests.xctest */;
			productType = "com.apple.product-type.bundle.ui-testing";
		};
/* End PBXNativeTarget section */

/* Begin PBXProject section */
		7ECA329D1D54DEC800449835 /* Project object */ = {
			isa = PBXProject;
			attributes = {
				LastSwiftUpdateCheck = 0730;
				LastUpgradeCheck = 0800;
				ORGANIZATIONNAME = "Jacobo Koenig";
				TargetAttributes = {
					7ECA32A41D54DEC800449835 = {
						CreatedOnToolsVersion = 7.3.1;
						DevelopmentTeam = ZPGC7734UF;
						LastSwiftMigration = 0800;
					};
					7ECA32B71D54DEC800449835 = {
						CreatedOnToolsVersion = 7.3.1;
						LastSwiftMigration = 0800;
						TestTargetID = 7ECA32A41D54DEC800449835;
					};
					7ECA32C21D54DEC800449835 = {
						CreatedOnToolsVersion = 7.3.1;
						LastSwiftMigration = 0800;
						TestTargetID = 7ECA32A41D54DEC800449835;
					};
				};
			};
			buildConfigurationList = 7ECA32A01D54DEC800449835 /* Build configuration list for PBXProject "PBooth" */;
			compatibilityVersion = "Xcode 3.2";
			developmentRegion = English;
			hasScannedForEncodings = 0;
			knownRegions = (
				en,
				Base,
			);
			mainGroup = 7ECA329C1D54DEC800449835;
			productRefGroup = 7ECA32A61D54DEC800449835 /* Products */;
			projectDirPath = "";
			projectRoot = "";
			targets = (
				7ECA32A41D54DEC800449835 /* PBooth */,
				7ECA32B71D54DEC800449835 /* PBoothTests */,
				7ECA32C21D54DEC800449835 /* PBoothUITests */,
			);
		};
/* End PBXProject section */

/* Begin PBXResourcesBuildPhase section */
		7ECA32A31D54DEC800449835 /* Resources */ = {
			isa = PBXResourcesBuildPhase;
			buildActionMask = 2147483647;
			files = (
				7ECA32AF1D54DEC800449835 /* Assets.xcassets in Resources */,
				7ECA32B21D54DEC800449835 /* Main.storyboard in Resources */,
			);
			runOnlyForDeploymentPostprocessing = 0;
		};
		7ECA32B61D54DEC800449835 /* Resources */ = {
			isa = PBXResourcesBuildPhase;
			buildActionMask = 2147483647;
			files = (
			);
			runOnlyForDeploymentPostprocessing = 0;
		};
		7ECA32C11D54DEC800449835 /* Resources */ = {
			isa = PBXResourcesBuildPhase;
			buildActionMask = 2147483647;
			files = (
			);
			runOnlyForDeploymentPostprocessing = 0;
		};
/* End PBXResourcesBuildPhase section */

/* Begin PBXShellScriptBuildPhase section */
		164D9BC3AD04664FB963C483 /* [CP] Copy Pods Resources */ = {
			isa = PBXShellScriptBuildPhase;
			buildActionMask = 2147483647;
			files = (
			);
			inputPaths = (
			);
			name = "[CP] Copy Pods Resources";
			outputPaths = (
			);
			runOnlyForDeploymentPostprocessing = 0;
			shellPath = /bin/sh;
			shellScript = "\"${SRCROOT}/Pods/Target Support Files/Pods-PBoothTests/Pods-PBoothTests-resources.sh\"\n";
			showEnvVarsInLog = 0;
		};
		17960E589BD5DC3D5E9259E7 /* [CP] Embed Pods Frameworks */ = {
			isa = PBXShellScriptBuildPhase;
			buildActionMask = 2147483647;
			files = (
			);
			inputPaths = (
			);
			name = "[CP] Embed Pods Frameworks";
			outputPaths = (
			);
			runOnlyForDeploymentPostprocessing = 0;
			shellPath = /bin/sh;
			shellScript = "\"${SRCROOT}/Pods/Target Support Files/Pods-PBoothUITests/Pods-PBoothUITests-frameworks.sh\"\n";
			showEnvVarsInLog = 0;
		};
		1F6AE1E59BF044EB7CF6BDEC /* [CP] Copy Pods Resources */ = {
			isa = PBXShellScriptBuildPhase;
			buildActionMask = 2147483647;
			files = (
			);
			inputPaths = (
			);
			name = "[CP] Copy Pods Resources";
			outputPaths = (
			);
			runOnlyForDeploymentPostprocessing = 0;
			shellPath = /bin/sh;
			shellScript = "\"${SRCROOT}/Pods/Target Support Files/Pods-PBooth/Pods-PBooth-resources.sh\"\n";
			showEnvVarsInLog = 0;
		};
		589E0720A6CE807A8344298B /* [CP] Check Pods Manifest.lock */ = {
			isa = PBXShellScriptBuildPhase;
			buildActionMask = 2147483647;
			files = (
			);
			inputPaths = (
			);
			name = "[CP] Check Pods Manifest.lock";
			outputPaths = (
			);
			runOnlyForDeploymentPostprocessing = 0;
			shellPath = /bin/sh;
			shellScript = "diff \"${PODS_ROOT}/../Podfile.lock\" \"${PODS_ROOT}/Manifest.lock\" > /dev/null\nif [ $? != 0 ] ; then\n    # print error to STDERR\n    echo \"error: The sandbox is not in sync with the Podfile.lock. Run 'pod install' or update your CocoaPods installation.\" >&2\n    exit 1\nfi\n";
			showEnvVarsInLog = 0;
		};
		903AC56DC6F57163E5BC95E8 /* [CP] Check Pods Manifest.lock */ = {
			isa = PBXShellScriptBuildPhase;
			buildActionMask = 2147483647;
			files = (
			);
			inputPaths = (
			);
			name = "[CP] Check Pods Manifest.lock";
			outputPaths = (
			);
			runOnlyForDeploymentPostprocessing = 0;
			shellPath = /bin/sh;
			shellScript = "diff \"${PODS_ROOT}/../Podfile.lock\" \"${PODS_ROOT}/Manifest.lock\" > /dev/null\nif [ $? != 0 ] ; then\n    # print error to STDERR\n    echo \"error: The sandbox is not in sync with the Podfile.lock. Run 'pod install' or update your CocoaPods installation.\" >&2\n    exit 1\nfi\n";
			showEnvVarsInLog = 0;
		};
		B40D99A0D9B08CEC618F12CF /* [CP] Embed Pods Frameworks */ = {
			isa = PBXShellScriptBuildPhase;
			buildActionMask = 2147483647;
			files = (
			);
			inputPaths = (
			);
			name = "[CP] Embed Pods Frameworks";
			outputPaths = (
			);
			runOnlyForDeploymentPostprocessing = 0;
			shellPath = /bin/sh;
			shellScript = "\"${SRCROOT}/Pods/Target Support Files/Pods-PBoothTests/Pods-PBoothTests-frameworks.sh\"\n";
			showEnvVarsInLog = 0;
		};
		D6D23AC0FA53FC068709EBB6 /* [CP] Copy Pods Resources */ = {
			isa = PBXShellScriptBuildPhase;
			buildActionMask = 2147483647;
			files = (
			);
			inputPaths = (
			);
			name = "[CP] Copy Pods Resources";
			outputPaths = (
			);
			runOnlyForDeploymentPostprocessing = 0;
			shellPath = /bin/sh;
			shellScript = "\"${SRCROOT}/Pods/Target Support Files/Pods-PBoothUITests/Pods-PBoothUITests-resources.sh\"\n";
			showEnvVarsInLog = 0;
		};
		DBEBCC60224CC2031AE288AA /* [CP] Embed Pods Frameworks */ = {
			isa = PBXShellScriptBuildPhase;
			buildActionMask = 2147483647;
			files = (
			);
			inputPaths = (
			);
			name = "[CP] Embed Pods Frameworks";
			outputPaths = (
			);
			runOnlyForDeploymentPostprocessing = 0;
			shellPath = /bin/sh;
			shellScript = "\"${SRCROOT}/Pods/Target Support Files/Pods-PBooth/Pods-PBooth-frameworks.sh\"\n";
			showEnvVarsInLog = 0;
		};
		E800F644FCB98B906A0C49CC /* [CP] Check Pods Manifest.lock */ = {
			isa = PBXShellScriptBuildPhase;
			buildActionMask = 2147483647;
			files = (
			);
			inputPaths = (
			);
			name = "[CP] Check Pods Manifest.lock";
			outputPaths = (
			);
			runOnlyForDeploymentPostprocessing = 0;
			shellPath = /bin/sh;
			shellScript = "diff \"${PODS_ROOT}/../Podfile.lock\" \"${PODS_ROOT}/Manifest.lock\" > /dev/null\nif [ $? != 0 ] ; then\n    # print error to STDERR\n    echo \"error: The sandbox is not in sync with the Podfile.lock. Run 'pod install' or update your CocoaPods installation.\" >&2\n    exit 1\nfi\n";
			showEnvVarsInLog = 0;
		};
/* End PBXShellScriptBuildPhase section */

/* Begin PBXSourcesBuildPhase section */
		7ECA32A11D54DEC800449835 /* Sources */ = {
			isa = PBXSourcesBuildPhase;
			buildActionMask = 2147483647;
			files = (
				7ECA32E01D5802A900449835 /* MySession.swift in Sources */,
				7E0EE7EC1D625BB4003FC151 /* MyProfiles.swift in Sources */,
				7E4C2DF21D5A7D61002CE808 /* TabView.swift in Sources */,
				7ECA32EE1D5A72E200449835 /* CameraFunctionality.swift in Sources */,
				7E42B1551D63F79700709933 /* MyCameras.swift in Sources */,
				7E4C2DF01D5A7BDA002CE808 /* ReplaceSegue.swift in Sources */,
				7E4C2DF41D5AC36A002CE808 /* Downloader.swift in Sources */,
				7ECA32AB1D54DEC800449835 /* ViewController.swift in Sources */,
				7E4C2DF91D5E878D002CE808 /* GIFMaker.swift in Sources */,
				7E0EE7E61D625AAF003FC151 /* SessionProfile.swift in Sources */,
				7ECA32A91D54DEC800449835 /* AppDelegate.swift in Sources */,
				7ECA32AD1D54DEC800449835 /* Document.swift in Sources */,
			);
			runOnlyForDeploymentPostprocessing = 0;
		};
		7ECA32B41D54DEC800449835 /* Sources */ = {
			isa = PBXSourcesBuildPhase;
			buildActionMask = 2147483647;
			files = (
				7ECA32BD1D54DEC800449835 /* PBoothTests.swift in Sources */,
			);
			runOnlyForDeploymentPostprocessing = 0;
		};
		7ECA32BF1D54DEC800449835 /* Sources */ = {
			isa = PBXSourcesBuildPhase;
			buildActionMask = 2147483647;
			files = (
				7ECA32C81D54DEC800449835 /* PBoothUITests.swift in Sources */,
			);
			runOnlyForDeploymentPostprocessing = 0;
		};
/* End PBXSourcesBuildPhase section */

/* Begin PBXTargetDependency section */
		7ECA32BA1D54DEC800449835 /* PBXTargetDependency */ = {
			isa = PBXTargetDependency;
			target = 7ECA32A41D54DEC800449835 /* PBooth */;
			targetProxy = 7ECA32B91D54DEC800449835 /* PBXContainerItemProxy */;
		};
		7ECA32C51D54DEC800449835 /* PBXTargetDependency */ = {
			isa = PBXTargetDependency;
			target = 7ECA32A41D54DEC800449835 /* PBooth */;
			targetProxy = 7ECA32C41D54DEC800449835 /* PBXContainerItemProxy */;
		};
/* End PBXTargetDependency section */

/* Begin PBXVariantGroup section */
		7ECA32B01D54DEC800449835 /* Main.storyboard */ = {
			isa = PBXVariantGroup;
			children = (
				7ECA32B11D54DEC800449835 /* Base */,
			);
			name = Main.storyboard;
			sourceTree = "<group>";
		};
/* End PBXVariantGroup section */

/* Begin XCBuildConfiguration section */
		7ECA32CA1D54DEC800449835 /* Debug */ = {
			isa = XCBuildConfiguration;
			buildSettings = {
				ALWAYS_SEARCH_USER_PATHS = NO;
				CLANG_ANALYZER_NONNULL = YES;
				CLANG_CXX_LANGUAGE_STANDARD = "gnu++0x";
				CLANG_CXX_LIBRARY = "libc++";
				CLANG_ENABLE_MODULES = YES;
				CLANG_ENABLE_OBJC_ARC = YES;
				CLANG_WARN_BOOL_CONVERSION = YES;
				CLANG_WARN_CONSTANT_CONVERSION = YES;
				CLANG_WARN_DIRECT_OBJC_ISA_USAGE = YES_ERROR;
				CLANG_WARN_EMPTY_BODY = YES;
				CLANG_WARN_ENUM_CONVERSION = YES;
				CLANG_WARN_INFINITE_RECURSION = YES;
				CLANG_WARN_INT_CONVERSION = YES;
				CLANG_WARN_OBJC_ROOT_CLASS = YES_ERROR;
				CLANG_WARN_SUSPICIOUS_MOVE = YES;
				CLANG_WARN_UNREACHABLE_CODE = YES;
				CLANG_WARN__DUPLICATE_METHOD_MATCH = YES;
				CODE_SIGN_IDENTITY = "";
				COPY_PHASE_STRIP = NO;
				DEBUG_INFORMATION_FORMAT = dwarf;
				ENABLE_STRICT_OBJC_MSGSEND = YES;
				ENABLE_TESTABILITY = YES;
				GCC_C_LANGUAGE_STANDARD = gnu99;
				GCC_DYNAMIC_NO_PIC = NO;
				GCC_NO_COMMON_BLOCKS = YES;
				GCC_OPTIMIZATION_LEVEL = 0;
				GCC_PREPROCESSOR_DEFINITIONS = (
					"DEBUG=1",
					"$(inherited)",
				);
				GCC_WARN_64_TO_32_BIT_CONVERSION = YES;
				GCC_WARN_ABOUT_RETURN_TYPE = YES_ERROR;
				GCC_WARN_UNDECLARED_SELECTOR = YES;
				GCC_WARN_UNINITIALIZED_AUTOS = YES_AGGRESSIVE;
				GCC_WARN_UNUSED_FUNCTION = YES;
				GCC_WARN_UNUSED_VARIABLE = YES;
				MACOSX_DEPLOYMENT_TARGET = 10.11;
				MTL_ENABLE_DEBUG_INFO = YES;
				ONLY_ACTIVE_ARCH = YES;
				SDKROOT = macosx;
				SWIFT_OBJC_BRIDGING_HEADER = "/Users/jacobokoenig/Desktop/XCode Projects/PBooth/PBooth-Bridging-Header.h";
				SWIFT_OPTIMIZATION_LEVEL = "-Onone";
			};
			name = Debug;
		};
		7ECA32CB1D54DEC800449835 /* Release */ = {
			isa = XCBuildConfiguration;
			buildSettings = {
				ALWAYS_SEARCH_USER_PATHS = NO;
				CLANG_ANALYZER_NONNULL = YES;
				CLANG_CXX_LANGUAGE_STANDARD = "gnu++0x";
				CLANG_CXX_LIBRARY = "libc++";
				CLANG_ENABLE_MODULES = YES;
				CLANG_ENABLE_OBJC_ARC = YES;
				CLANG_WARN_BOOL_CONVERSION = YES;
				CLANG_WARN_CONSTANT_CONVERSION = YES;
				CLANG_WARN_DIRECT_OBJC_ISA_USAGE = YES_ERROR;
				CLANG_WARN_EMPTY_BODY = YES;
				CLANG_WARN_ENUM_CONVERSION = YES;
				CLANG_WARN_INFINITE_RECURSION = YES;
				CLANG_WARN_INT_CONVERSION = YES;
				CLANG_WARN_OBJC_ROOT_CLASS = YES_ERROR;
				CLANG_WARN_SUSPICIOUS_MOVE = YES;
				CLANG_WARN_UNREACHABLE_CODE = YES;
				CLANG_WARN__DUPLICATE_METHOD_MATCH = YES;
				CODE_SIGN_IDENTITY = "";
				COPY_PHASE_STRIP = NO;
				DEBUG_INFORMATION_FORMAT = "dwarf-with-dsym";
				ENABLE_NS_ASSERTIONS = NO;
				ENABLE_STRICT_OBJC_MSGSEND = YES;
				GCC_C_LANGUAGE_STANDARD = gnu99;
				GCC_NO_COMMON_BLOCKS = YES;
				GCC_WARN_64_TO_32_BIT_CONVERSION = YES;
				GCC_WARN_ABOUT_RETURN_TYPE = YES_ERROR;
				GCC_WARN_UNDECLARED_SELECTOR = YES;
				GCC_WARN_UNINITIALIZED_AUTOS = YES_AGGRESSIVE;
				GCC_WARN_UNUSED_FUNCTION = YES;
				GCC_WARN_UNUSED_VARIABLE = YES;
				MACOSX_DEPLOYMENT_TARGET = 10.11;
				MTL_ENABLE_DEBUG_INFO = NO;
				SDKROOT = macosx;
				SWIFT_OBJC_BRIDGING_HEADER = "/Users/jacobokoenig/Desktop/XCode Projects/PBooth/PBooth-Bridging-Header.h";
				SWIFT_OPTIMIZATION_LEVEL = "-Owholemodule";
			};
			name = Release;
		};
		7ECA32CD1D54DEC800449835 /* Debug */ = {
			isa = XCBuildConfiguration;
			baseConfigurationReference = 88A4E6FD2847F3FDC5FEC029 /* Pods-PBooth.debug.xcconfig */;
			buildSettings = {
				ASSETCATALOG_COMPILER_APPICON_NAME = AppIcon;
				COMBINE_HIDPI_IMAGES = YES;
				FRAMEWORK_SEARCH_PATHS = (
					"$(inherited)",
					"$(PROJECT_DIR)/PBooth",
				);
				INFOPLIST_FILE = PBooth/Info.plist;
				LD_RUNPATH_SEARCH_PATHS = "$(inherited) @executable_path/../Frameworks";
				MACOSX_DEPLOYMENT_TARGET = 10.11;
				PRODUCT_BUNDLE_IDENTIFIER = jacobokoenig.PBooth;
				PRODUCT_NAME = "$(TARGET_NAME)";
				SWIFT_VERSION = 2.3;
			};
			name = Debug;
		};
		7ECA32CE1D54DEC800449835 /* Release */ = {
			isa = XCBuildConfiguration;
			baseConfigurationReference = 0DBBC2180C815FF0E1306A88 /* Pods-PBooth.release.xcconfig */;
			buildSettings = {
				ASSETCATALOG_COMPILER_APPICON_NAME = AppIcon;
				COMBINE_HIDPI_IMAGES = YES;
				FRAMEWORK_SEARCH_PATHS = (
					"$(inherited)",
					"$(PROJECT_DIR)/PBooth",
				);
				INFOPLIST_FILE = PBooth/Info.plist;
				LD_RUNPATH_SEARCH_PATHS = "$(inherited) @executable_path/../Frameworks";
				MACOSX_DEPLOYMENT_TARGET = 10.11;
				PRODUCT_BUNDLE_IDENTIFIER = jacobokoenig.PBooth;
				PRODUCT_NAME = "$(TARGET_NAME)";
				SWIFT_VERSION = 2.3;
			};
			name = Release;
		};
		7ECA32D01D54DEC800449835 /* Debug */ = {
			isa = XCBuildConfiguration;
			baseConfigurationReference = 917CC3BC89E0471A227DAF91 /* Pods-PBoothTests.debug.xcconfig */;
			buildSettings = {
				COMBINE_HIDPI_IMAGES = YES;
				INFOPLIST_FILE = PBoothTests/Info.plist;
				LD_RUNPATH_SEARCH_PATHS = "$(inherited) @executable_path/../Frameworks @loader_path/../Frameworks";
				PRODUCT_BUNDLE_IDENTIFIER = jacobokoenig.PBoothTests;
				PRODUCT_NAME = "$(TARGET_NAME)";
				SWIFT_VERSION = 2.3;
				TEST_HOST = "$(BUILT_PRODUCTS_DIR)/PBooth.app/Contents/MacOS/PBooth";
			};
			name = Debug;
		};
		7ECA32D11D54DEC800449835 /* Release */ = {
			isa = XCBuildConfiguration;
			baseConfigurationReference = D82E7481D907CD5E67BA3ECC /* Pods-PBoothTests.release.xcconfig */;
			buildSettings = {
				COMBINE_HIDPI_IMAGES = YES;
				INFOPLIST_FILE = PBoothTests/Info.plist;
				LD_RUNPATH_SEARCH_PATHS = "$(inherited) @executable_path/../Frameworks @loader_path/../Frameworks";
				PRODUCT_BUNDLE_IDENTIFIER = jacobokoenig.PBoothTests;
				PRODUCT_NAME = "$(TARGET_NAME)";
				SWIFT_VERSION = 2.3;
				TEST_HOST = "$(BUILT_PRODUCTS_DIR)/PBooth.app/Contents/MacOS/PBooth";
			};
			name = Release;
		};
		7ECA32D31D54DEC800449835 /* Debug */ = {
			isa = XCBuildConfiguration;
			baseConfigurationReference = CE457D64088193D0A0CD16BD /* Pods-PBoothUITests.debug.xcconfig */;
			buildSettings = {
				COMBINE_HIDPI_IMAGES = YES;
				INFOPLIST_FILE = PBoothUITests/Info.plist;
				LD_RUNPATH_SEARCH_PATHS = "$(inherited) @executable_path/../Frameworks @loader_path/../Frameworks";
				PRODUCT_BUNDLE_IDENTIFIER = jacobokoenig.PBoothUITests;
				PRODUCT_NAME = "$(TARGET_NAME)";
				PROVISIONING_PROFILE = "";
				SWIFT_VERSION = 2.3;
				TEST_TARGET_NAME = PBooth;
			};
			name = Debug;
		};
		7ECA32D41D54DEC800449835 /* Release */ = {
			isa = XCBuildConfiguration;
			baseConfigurationReference = DC193237642FA79908BE1E44 /* Pods-PBoothUITests.release.xcconfig */;
			buildSettings = {
				COMBINE_HIDPI_IMAGES = YES;
				INFOPLIST_FILE = PBoothUITests/Info.plist;
				LD_RUNPATH_SEARCH_PATHS = "$(inherited) @executable_path/../Frameworks @loader_path/../Frameworks";
				PRODUCT_BUNDLE_IDENTIFIER = jacobokoenig.PBoothUITests;
				PRODUCT_NAME = "$(TARGET_NAME)";
				PROVISIONING_PROFILE = "";
				SWIFT_VERSION = 2.3;
				TEST_TARGET_NAME = PBooth;
			};
			name = Release;
		};
/* End XCBuildConfiguration section */

/* Begin XCConfigurationList section */
		7ECA32A01D54DEC800449835 /* Build configuration list for PBXProject "PBooth" */ = {
			isa = XCConfigurationList;
			buildConfigurations = (
				7ECA32CA1D54DEC800449835 /* Debug */,
				7ECA32CB1D54DEC800449835 /* Release */,
			);
			defaultConfigurationIsVisible = 0;
			defaultConfigurationName = Release;
		};
		7ECA32CC1D54DEC800449835 /* Build configuration list for PBXNativeTarget "PBooth" */ = {
			isa = XCConfigurationList;
			buildConfigurations = (
				7ECA32CD1D54DEC800449835 /* Debug */,
				7ECA32CE1D54DEC800449835 /* Release */,
			);
			defaultConfigurationIsVisible = 0;
			defaultConfigurationName = Release;
		};
		7ECA32CF1D54DEC800449835 /* Build configuration list for PBXNativeTarget "PBoothTests" */ = {
			isa = XCConfigurationList;
			buildConfigurations = (
				7ECA32D01D54DEC800449835 /* Debug */,
				7ECA32D11D54DEC800449835 /* Release */,
			);
			defaultConfigurationIsVisible = 0;
			defaultConfigurationName = Release;
		};
		7ECA32D21D54DEC800449835 /* Build configuration list for PBXNativeTarget "PBoothUITests" */ = {
			isa = XCConfigurationList;
			buildConfigurations = (
				7ECA32D31D54DEC800449835 /* Debug */,
				7ECA32D41D54DEC800449835 /* Release */,
			);
			defaultConfigurationIsVisible = 0;
			defaultConfigurationName = Release;
		};
/* End XCConfigurationList section */
	};
	rootObject = 7ECA329D1D54DEC800449835 /* Project object */;
}
